// !$*UTF8*$!
{
	archiveVersion = 1;
	classes = {
	};
	objectVersion = 56;
	objects = {

/* Begin PBXBuildFile section */
		2CB990884E0D9EC6F4FAEBA7 /* Pods_MarvelChar_MarvelCharUITests.framework in Frameworks */ = {isa = PBXBuildFile; fileRef = EFB17F5FFD97CD2111A8CFF9 /* Pods_MarvelChar_MarvelCharUITests.framework */; };
		5FA8A5D68A5EF827806F5321 /* Pods_MarvelCharTests.framework in Frameworks */ = {isa = PBXBuildFile; fileRef = 6DE938C285CFB5125AFA7CF7 /* Pods_MarvelCharTests.framework */; };
		9829E452298EA4EE00C514B1 /* AppDelegate.swift in Sources */ = {isa = PBXBuildFile; fileRef = 9829E451298EA4EE00C514B1 /* AppDelegate.swift */; };
		9829E454298EA4EE00C514B1 /* SceneDelegate.swift in Sources */ = {isa = PBXBuildFile; fileRef = 9829E453298EA4EE00C514B1 /* SceneDelegate.swift */; };
		9829E459298EA4EE00C514B1 /* Main.storyboard in Resources */ = {isa = PBXBuildFile; fileRef = 9829E457298EA4EE00C514B1 /* Main.storyboard */; };
		9829E45B298EA4EF00C514B1 /* Assets.xcassets in Resources */ = {isa = PBXBuildFile; fileRef = 9829E45A298EA4EF00C514B1 /* Assets.xcassets */; };
		9829E45E298EA4EF00C514B1 /* LaunchScreen.storyboard in Resources */ = {isa = PBXBuildFile; fileRef = 9829E45C298EA4EF00C514B1 /* LaunchScreen.storyboard */; };
		9829E469298EA4EF00C514B1 /* MarvelCharTests.swift in Sources */ = {isa = PBXBuildFile; fileRef = 9829E468298EA4EF00C514B1 /* MarvelCharTests.swift */; };
		9829E473298EA4EF00C514B1 /* MarvelCharUITests.swift in Sources */ = {isa = PBXBuildFile; fileRef = 9829E472298EA4EF00C514B1 /* MarvelCharUITests.swift */; };
		9829E475298EA4EF00C514B1 /* MarvelCharUITestsLaunchTests.swift in Sources */ = {isa = PBXBuildFile; fileRef = 9829E474298EA4EF00C514B1 /* MarvelCharUITestsLaunchTests.swift */; };
		98B9ACC5298EEC4200547730 /* UITextField+Extensions.swift in Sources */ = {isa = PBXBuildFile; fileRef = 98B9ACC4298EEC4200547730 /* UITextField+Extensions.swift */; };
		98B9ACCA298FC8DA00547730 /* LocalizableStrings.swift in Sources */ = {isa = PBXBuildFile; fileRef = 98B9ACC9298FC8DA00547730 /* LocalizableStrings.swift */; };
		98B9ACCB298FC8DA00547730 /* LocalizableStrings.swift in Sources */ = {isa = PBXBuildFile; fileRef = 98B9ACC9298FC8DA00547730 /* LocalizableStrings.swift */; };
		98B9ACCC298FC8DA00547730 /* LocalizableStrings.swift in Sources */ = {isa = PBXBuildFile; fileRef = 98B9ACC9298FC8DA00547730 /* LocalizableStrings.swift */; };
		98B9ACCE298FC91300547730 /* String+Extensions.swift in Sources */ = {isa = PBXBuildFile; fileRef = 98B9ACCD298FC91300547730 /* String+Extensions.swift */; };
		98B9ACCF298FC91300547730 /* String+Extensions.swift in Sources */ = {isa = PBXBuildFile; fileRef = 98B9ACCD298FC91300547730 /* String+Extensions.swift */; };
		98B9ACD0298FC91300547730 /* String+Extensions.swift in Sources */ = {isa = PBXBuildFile; fileRef = 98B9ACCD298FC91300547730 /* String+Extensions.swift */; };
		98B9ACD1298FCA2200547730 /* Localizable.strings in Resources */ = {isa = PBXBuildFile; fileRef = 98B9ACD3298FCA2200547730 /* Localizable.strings */; };
		98B9ACE9298FD97800547730 /* Localizable.strings in Resources */ = {isa = PBXBuildFile; fileRef = 98B9ACED298FD97800547730 /* Localizable.strings */; };
		98B9ACEA298FD97800547730 /* Localizable.strings in Resources */ = {isa = PBXBuildFile; fileRef = 98B9ACED298FD97800547730 /* Localizable.strings */; };
		98B9ACEB298FD97800547730 /* Localizable.strings in Resources */ = {isa = PBXBuildFile; fileRef = 98B9ACED298FD97800547730 /* Localizable.strings */; };
		98B9ACFA298FE02F00547730 /* DynamicHeroCollectionViewCell.swift in Sources */ = {isa = PBXBuildFile; fileRef = 98B9ACF9298FE02F00547730 /* DynamicHeroCollectionViewCell.swift */; };
		98B9ACFB298FE02F00547730 /* DynamicHeroCollectionViewCell.swift in Sources */ = {isa = PBXBuildFile; fileRef = 98B9ACF9298FE02F00547730 /* DynamicHeroCollectionViewCell.swift */; };
		98B9ACFC298FE02F00547730 /* DynamicHeroCollectionViewCell.swift in Sources */ = {isa = PBXBuildFile; fileRef = 98B9ACF9298FE02F00547730 /* DynamicHeroCollectionViewCell.swift */; };
		98B9ACFE298FE11600547730 /* DynamicHeroCollectionViewCell.xib in Resources */ = {isa = PBXBuildFile; fileRef = 98B9ACFD298FE11500547730 /* DynamicHeroCollectionViewCell.xib */; };
		98B9ACFF298FE11600547730 /* DynamicHeroCollectionViewCell.xib in Resources */ = {isa = PBXBuildFile; fileRef = 98B9ACFD298FE11500547730 /* DynamicHeroCollectionViewCell.xib */; };
		98B9AD00298FE11600547730 /* DynamicHeroCollectionViewCell.xib in Resources */ = {isa = PBXBuildFile; fileRef = 98B9ACFD298FE11500547730 /* DynamicHeroCollectionViewCell.xib */; };
		98B9AD04298FEE0800547730 /* ImageName.swift in Sources */ = {isa = PBXBuildFile; fileRef = 98B9AD03298FEE0800547730 /* ImageName.swift */; };
		98B9AD05298FEE0800547730 /* ImageName.swift in Sources */ = {isa = PBXBuildFile; fileRef = 98B9AD03298FEE0800547730 /* ImageName.swift */; };
		98B9AD06298FEE0800547730 /* ImageName.swift in Sources */ = {isa = PBXBuildFile; fileRef = 98B9AD03298FEE0800547730 /* ImageName.swift */; };
		98B9AD08299023BC00547730 /* DynamicHeroCollectionViewCellViewModel.swift in Sources */ = {isa = PBXBuildFile; fileRef = 98B9AD07299023BC00547730 /* DynamicHeroCollectionViewCellViewModel.swift */; };
		98B9AD09299023BC00547730 /* DynamicHeroCollectionViewCellViewModel.swift in Sources */ = {isa = PBXBuildFile; fileRef = 98B9AD07299023BC00547730 /* DynamicHeroCollectionViewCellViewModel.swift */; };
		98B9AD0A299023BC00547730 /* DynamicHeroCollectionViewCellViewModel.swift in Sources */ = {isa = PBXBuildFile; fileRef = 98B9AD07299023BC00547730 /* DynamicHeroCollectionViewCellViewModel.swift */; };
		98B9AD122990261700547730 /* HeroHeaderTableViewCell.xib in Resources */ = {isa = PBXBuildFile; fileRef = 98B9AD112990261700547730 /* HeroHeaderTableViewCell.xib */; };
		98B9AD132990261700547730 /* HeroHeaderTableViewCell.xib in Resources */ = {isa = PBXBuildFile; fileRef = 98B9AD112990261700547730 /* HeroHeaderTableViewCell.xib */; };
		98B9AD142990261700547730 /* HeroHeaderTableViewCell.xib in Resources */ = {isa = PBXBuildFile; fileRef = 98B9AD112990261700547730 /* HeroHeaderTableViewCell.xib */; };
		98B9AD16299026DC00547730 /* HeroHeaderTableViewCell.swift in Sources */ = {isa = PBXBuildFile; fileRef = 98B9AD15299026DC00547730 /* HeroHeaderTableViewCell.swift */; };
		98B9AD17299026DC00547730 /* HeroHeaderTableViewCell.swift in Sources */ = {isa = PBXBuildFile; fileRef = 98B9AD15299026DC00547730 /* HeroHeaderTableViewCell.swift */; };
		98B9AD18299026DC00547730 /* HeroHeaderTableViewCell.swift in Sources */ = {isa = PBXBuildFile; fileRef = 98B9AD15299026DC00547730 /* HeroHeaderTableViewCell.swift */; };
		98B9AD1A2990280700547730 /* HeroNameView.xib in Resources */ = {isa = PBXBuildFile; fileRef = 98B9AD192990280700547730 /* HeroNameView.xib */; };
		98B9AD1B2990280700547730 /* HeroNameView.xib in Resources */ = {isa = PBXBuildFile; fileRef = 98B9AD192990280700547730 /* HeroNameView.xib */; };
		98B9AD1C2990280700547730 /* HeroNameView.xib in Resources */ = {isa = PBXBuildFile; fileRef = 98B9AD192990280700547730 /* HeroNameView.xib */; };
		98B9AD1E2990289D00547730 /* HeroNameView.swift in Sources */ = {isa = PBXBuildFile; fileRef = 98B9AD1D2990289D00547730 /* HeroNameView.swift */; };
		98B9AD1F2990289D00547730 /* HeroNameView.swift in Sources */ = {isa = PBXBuildFile; fileRef = 98B9AD1D2990289D00547730 /* HeroNameView.swift */; };
		98B9AD202990289D00547730 /* HeroNameView.swift in Sources */ = {isa = PBXBuildFile; fileRef = 98B9AD1D2990289D00547730 /* HeroNameView.swift */; };
		98B9AD2A2990366300547730 /* BaseView.swift in Sources */ = {isa = PBXBuildFile; fileRef = 98B9AD292990366300547730 /* BaseView.swift */; };
		98B9AD2B2990366300547730 /* BaseView.swift in Sources */ = {isa = PBXBuildFile; fileRef = 98B9AD292990366300547730 /* BaseView.swift */; };
		98B9AD2C2990366300547730 /* BaseView.swift in Sources */ = {isa = PBXBuildFile; fileRef = 98B9AD292990366300547730 /* BaseView.swift */; };
		98B9AD2E29914E7700547730 /* TitleHeaderView.xib in Resources */ = {isa = PBXBuildFile; fileRef = 98B9AD2D29914E7700547730 /* TitleHeaderView.xib */; };
		98B9AD2F29914E7700547730 /* TitleHeaderView.xib in Resources */ = {isa = PBXBuildFile; fileRef = 98B9AD2D29914E7700547730 /* TitleHeaderView.xib */; };
		98B9AD3029914E7700547730 /* TitleHeaderView.xib in Resources */ = {isa = PBXBuildFile; fileRef = 98B9AD2D29914E7700547730 /* TitleHeaderView.xib */; };
		98B9AD322991521C00547730 /* TitleHeaderView.swift in Sources */ = {isa = PBXBuildFile; fileRef = 98B9AD312991521C00547730 /* TitleHeaderView.swift */; };
		98B9AD332991521C00547730 /* TitleHeaderView.swift in Sources */ = {isa = PBXBuildFile; fileRef = 98B9AD312991521C00547730 /* TitleHeaderView.swift */; };
		98B9AD342991521C00547730 /* TitleHeaderView.swift in Sources */ = {isa = PBXBuildFile; fileRef = 98B9AD312991521C00547730 /* TitleHeaderView.swift */; };
		98B9AD422991764600547730 /* HeroTableViewController.swift in Sources */ = {isa = PBXBuildFile; fileRef = 98B9AD412991764600547730 /* HeroTableViewController.swift */; };
		98B9AD432991764600547730 /* HeroTableViewController.swift in Sources */ = {isa = PBXBuildFile; fileRef = 98B9AD412991764600547730 /* HeroTableViewController.swift */; };
		98B9AD442991764600547730 /* HeroTableViewController.swift in Sources */ = {isa = PBXBuildFile; fileRef = 98B9AD412991764600547730 /* HeroTableViewController.swift */; };
		98B9AD472991817B00547730 /* HeroDescriptionTableViewCell.xib in Resources */ = {isa = PBXBuildFile; fileRef = 98B9AD462991817B00547730 /* HeroDescriptionTableViewCell.xib */; };
		98B9AD482991817B00547730 /* HeroDescriptionTableViewCell.xib in Resources */ = {isa = PBXBuildFile; fileRef = 98B9AD462991817B00547730 /* HeroDescriptionTableViewCell.xib */; };
		98B9AD492991817B00547730 /* HeroDescriptionTableViewCell.xib in Resources */ = {isa = PBXBuildFile; fileRef = 98B9AD462991817B00547730 /* HeroDescriptionTableViewCell.xib */; };
		98B9AD4B2991828300547730 /* HeroDescriptionTableViewCell.swift in Sources */ = {isa = PBXBuildFile; fileRef = 98B9AD4A2991828300547730 /* HeroDescriptionTableViewCell.swift */; };
		98B9AD4C2991828300547730 /* HeroDescriptionTableViewCell.swift in Sources */ = {isa = PBXBuildFile; fileRef = 98B9AD4A2991828300547730 /* HeroDescriptionTableViewCell.swift */; };
		98B9AD4D2991828300547730 /* HeroDescriptionTableViewCell.swift in Sources */ = {isa = PBXBuildFile; fileRef = 98B9AD4A2991828300547730 /* HeroDescriptionTableViewCell.swift */; };
		98B9AD5329918F5300547730 /* HeroOverviewTableViewCell.xib in Resources */ = {isa = PBXBuildFile; fileRef = 98B9AD5229918F5300547730 /* HeroOverviewTableViewCell.xib */; };
		98B9AD5429918F5300547730 /* HeroOverviewTableViewCell.xib in Resources */ = {isa = PBXBuildFile; fileRef = 98B9AD5229918F5300547730 /* HeroOverviewTableViewCell.xib */; };
		98B9AD5529918F5300547730 /* HeroOverviewTableViewCell.xib in Resources */ = {isa = PBXBuildFile; fileRef = 98B9AD5229918F5300547730 /* HeroOverviewTableViewCell.xib */; };
		98B9AD57299190E900547730 /* HeroOverviewTableViewCell.swift in Sources */ = {isa = PBXBuildFile; fileRef = 98B9AD56299190E900547730 /* HeroOverviewTableViewCell.swift */; };
		98B9AD58299190E900547730 /* HeroOverviewTableViewCell.swift in Sources */ = {isa = PBXBuildFile; fileRef = 98B9AD56299190E900547730 /* HeroOverviewTableViewCell.swift */; };
		98B9AD59299190E900547730 /* HeroOverviewTableViewCell.swift in Sources */ = {isa = PBXBuildFile; fileRef = 98B9AD56299190E900547730 /* HeroOverviewTableViewCell.swift */; };
		98B9AD5B29919ED400547730 /* HeroTableTypeTableViewCell.xib in Resources */ = {isa = PBXBuildFile; fileRef = 98B9AD5A29919ED400547730 /* HeroTableTypeTableViewCell.xib */; };
		98B9AD5C29919ED400547730 /* HeroTableTypeTableViewCell.xib in Resources */ = {isa = PBXBuildFile; fileRef = 98B9AD5A29919ED400547730 /* HeroTableTypeTableViewCell.xib */; };
		98B9AD5D29919ED400547730 /* HeroTableTypeTableViewCell.xib in Resources */ = {isa = PBXBuildFile; fileRef = 98B9AD5A29919ED400547730 /* HeroTableTypeTableViewCell.xib */; };
		98B9AD5F29919FD500547730 /* HeroTableTypeTableViewCell.swift in Sources */ = {isa = PBXBuildFile; fileRef = 98B9AD5E29919FD500547730 /* HeroTableTypeTableViewCell.swift */; };
		98B9AD6029919FD500547730 /* HeroTableTypeTableViewCell.swift in Sources */ = {isa = PBXBuildFile; fileRef = 98B9AD5E29919FD500547730 /* HeroTableTypeTableViewCell.swift */; };
		98B9AD6129919FD500547730 /* HeroTableTypeTableViewCell.swift in Sources */ = {isa = PBXBuildFile; fileRef = 98B9AD5E29919FD500547730 /* HeroTableTypeTableViewCell.swift */; };
		98B9AD642991A1F300547730 /* HeroScene.storyboard in Resources */ = {isa = PBXBuildFile; fileRef = 98B9AD632991A1F300547730 /* HeroScene.storyboard */; };
		98B9AD652991A1F300547730 /* HeroScene.storyboard in Resources */ = {isa = PBXBuildFile; fileRef = 98B9AD632991A1F300547730 /* HeroScene.storyboard */; };
		98B9AD662991A1F300547730 /* HeroScene.storyboard in Resources */ = {isa = PBXBuildFile; fileRef = 98B9AD632991A1F300547730 /* HeroScene.storyboard */; };
		98B9AD692991AE8F00547730 /* HeroCollectionTypeTableViewCell.xib in Resources */ = {isa = PBXBuildFile; fileRef = 98B9AD682991AE8F00547730 /* HeroCollectionTypeTableViewCell.xib */; };
		98B9AD6A2991AE8F00547730 /* HeroCollectionTypeTableViewCell.xib in Resources */ = {isa = PBXBuildFile; fileRef = 98B9AD682991AE8F00547730 /* HeroCollectionTypeTableViewCell.xib */; };
		98B9AD6B2991AE8F00547730 /* HeroCollectionTypeTableViewCell.xib in Resources */ = {isa = PBXBuildFile; fileRef = 98B9AD682991AE8F00547730 /* HeroCollectionTypeTableViewCell.xib */; };
		98B9AD6D2991AFC000547730 /* HeroCollectionTypeTableViewCell.swift in Sources */ = {isa = PBXBuildFile; fileRef = 98B9AD6C2991AFC000547730 /* HeroCollectionTypeTableViewCell.swift */; };
		98B9AD6E2991AFC000547730 /* HeroCollectionTypeTableViewCell.swift in Sources */ = {isa = PBXBuildFile; fileRef = 98B9AD6C2991AFC000547730 /* HeroCollectionTypeTableViewCell.swift */; };
		98B9AD6F2991AFC000547730 /* HeroCollectionTypeTableViewCell.swift in Sources */ = {isa = PBXBuildFile; fileRef = 98B9AD6C2991AFC000547730 /* HeroCollectionTypeTableViewCell.swift */; };
		98B9AD7129923CA000547730 /* TableTypeCell.xib in Resources */ = {isa = PBXBuildFile; fileRef = 98B9AD7029923CA000547730 /* TableTypeCell.xib */; };
		98B9AD7229923CA000547730 /* TableTypeCell.xib in Resources */ = {isa = PBXBuildFile; fileRef = 98B9AD7029923CA000547730 /* TableTypeCell.xib */; };
		98B9AD7329923CA000547730 /* TableTypeCell.xib in Resources */ = {isa = PBXBuildFile; fileRef = 98B9AD7029923CA000547730 /* TableTypeCell.xib */; };
		98B9AD7529923CB500547730 /* CollectionTypeCell.xib in Resources */ = {isa = PBXBuildFile; fileRef = 98B9AD7429923CB500547730 /* CollectionTypeCell.xib */; };
		98B9AD7629923CB500547730 /* CollectionTypeCell.xib in Resources */ = {isa = PBXBuildFile; fileRef = 98B9AD7429923CB500547730 /* CollectionTypeCell.xib */; };
		98B9AD7729923CB500547730 /* CollectionTypeCell.xib in Resources */ = {isa = PBXBuildFile; fileRef = 98B9AD7429923CB500547730 /* CollectionTypeCell.xib */; };
		98B9AD7929923E5700547730 /* CollectionTypeCell.swift in Sources */ = {isa = PBXBuildFile; fileRef = 98B9AD7829923E5700547730 /* CollectionTypeCell.swift */; };
		98B9AD7A29923E5700547730 /* CollectionTypeCell.swift in Sources */ = {isa = PBXBuildFile; fileRef = 98B9AD7829923E5700547730 /* CollectionTypeCell.swift */; };
		98B9AD7B29923E5700547730 /* CollectionTypeCell.swift in Sources */ = {isa = PBXBuildFile; fileRef = 98B9AD7829923E5700547730 /* CollectionTypeCell.swift */; };
		98B9AD7D2992444600547730 /* TableTypeCell.swift in Sources */ = {isa = PBXBuildFile; fileRef = 98B9AD7C2992444600547730 /* TableTypeCell.swift */; };
		98B9AD7E2992444600547730 /* TableTypeCell.swift in Sources */ = {isa = PBXBuildFile; fileRef = 98B9AD7C2992444600547730 /* TableTypeCell.swift */; };
		98B9AD7F2992444600547730 /* TableTypeCell.swift in Sources */ = {isa = PBXBuildFile; fileRef = 98B9AD7C2992444600547730 /* TableTypeCell.swift */; };
		98D7F61B298EC6CA00192887 /* HomeViewController.swift in Sources */ = {isa = PBXBuildFile; fileRef = 98D7F61A298EC6CA00192887 /* HomeViewController.swift */; };
		98D7F61D298EC6F800192887 /* HomeViewModel.swift in Sources */ = {isa = PBXBuildFile; fileRef = 98D7F61C298EC6F800192887 /* HomeViewModel.swift */; };
		98D7F621298EC70D00192887 /* HeroViewModel.swift in Sources */ = {isa = PBXBuildFile; fileRef = 98D7F620298EC70D00192887 /* HeroViewModel.swift */; };
		98D7F623298EC71500192887 /* AboutViewController.swift in Sources */ = {isa = PBXBuildFile; fileRef = 98D7F622298EC71500192887 /* AboutViewController.swift */; };
		98D7F625298EC71E00192887 /* AboutViewModel.swift in Sources */ = {isa = PBXBuildFile; fileRef = 98D7F624298EC71E00192887 /* AboutViewModel.swift */; };
		F7E23F6624748B605574CD8C /* Pods_MarvelChar.framework in Frameworks */ = {isa = PBXBuildFile; fileRef = 76DC3C410ECC65DC230953C1 /* Pods_MarvelChar.framework */; };
/* End PBXBuildFile section */

/* Begin PBXContainerItemProxy section */
		9829E465298EA4EF00C514B1 /* PBXContainerItemProxy */ = {
			isa = PBXContainerItemProxy;
			containerPortal = 9829E446298EA4EE00C514B1 /* Project object */;
			proxyType = 1;
			remoteGlobalIDString = 9829E44D298EA4EE00C514B1;
			remoteInfo = MarvelChar;
		};
		9829E46F298EA4EF00C514B1 /* PBXContainerItemProxy */ = {
			isa = PBXContainerItemProxy;
			containerPortal = 9829E446298EA4EE00C514B1 /* Project object */;
			proxyType = 1;
			remoteGlobalIDString = 9829E44D298EA4EE00C514B1;
			remoteInfo = MarvelChar;
		};
/* End PBXContainerItemProxy section */

/* Begin PBXFileReference section */
		3ABE040F1F8DDAB31DEC0D75 /* Pods-MarvelChar.release.xcconfig */ = {isa = PBXFileReference; includeInIndex = 1; lastKnownFileType = text.xcconfig; name = "Pods-MarvelChar.release.xcconfig"; path = "Target Support Files/Pods-MarvelChar/Pods-MarvelChar.release.xcconfig"; sourceTree = "<group>"; };
		56C3CDA42B1581DBB95FCE77 /* Pods-MarvelChar-MarvelCharUITests.release.xcconfig */ = {isa = PBXFileReference; includeInIndex = 1; lastKnownFileType = text.xcconfig; name = "Pods-MarvelChar-MarvelCharUITests.release.xcconfig"; path = "Target Support Files/Pods-MarvelChar-MarvelCharUITests/Pods-MarvelChar-MarvelCharUITests.release.xcconfig"; sourceTree = "<group>"; };
		6DE938C285CFB5125AFA7CF7 /* Pods_MarvelCharTests.framework */ = {isa = PBXFileReference; explicitFileType = wrapper.framework; includeInIndex = 0; path = Pods_MarvelCharTests.framework; sourceTree = BUILT_PRODUCTS_DIR; };
		76DC3C410ECC65DC230953C1 /* Pods_MarvelChar.framework */ = {isa = PBXFileReference; explicitFileType = wrapper.framework; includeInIndex = 0; path = Pods_MarvelChar.framework; sourceTree = BUILT_PRODUCTS_DIR; };
		9829E44E298EA4EE00C514B1 /* MarvelChar.app */ = {isa = PBXFileReference; explicitFileType = wrapper.application; includeInIndex = 0; path = MarvelChar.app; sourceTree = BUILT_PRODUCTS_DIR; };
		9829E451298EA4EE00C514B1 /* AppDelegate.swift */ = {isa = PBXFileReference; lastKnownFileType = sourcecode.swift; path = AppDelegate.swift; sourceTree = "<group>"; };
		9829E453298EA4EE00C514B1 /* SceneDelegate.swift */ = {isa = PBXFileReference; lastKnownFileType = sourcecode.swift; path = SceneDelegate.swift; sourceTree = "<group>"; };
		9829E458298EA4EE00C514B1 /* Base */ = {isa = PBXFileReference; lastKnownFileType = file.storyboard; name = Base; path = Base.lproj/Main.storyboard; sourceTree = "<group>"; };
		9829E45A298EA4EF00C514B1 /* Assets.xcassets */ = {isa = PBXFileReference; lastKnownFileType = folder.assetcatalog; path = Assets.xcassets; sourceTree = "<group>"; };
		9829E45D298EA4EF00C514B1 /* Base */ = {isa = PBXFileReference; lastKnownFileType = file.storyboard; name = Base; path = Base.lproj/LaunchScreen.storyboard; sourceTree = "<group>"; };
		9829E45F298EA4EF00C514B1 /* Info.plist */ = {isa = PBXFileReference; lastKnownFileType = text.plist.xml; path = Info.plist; sourceTree = "<group>"; };
		9829E464298EA4EF00C514B1 /* MarvelCharTests.xctest */ = {isa = PBXFileReference; explicitFileType = wrapper.cfbundle; includeInIndex = 0; path = MarvelCharTests.xctest; sourceTree = BUILT_PRODUCTS_DIR; };
		9829E468298EA4EF00C514B1 /* MarvelCharTests.swift */ = {isa = PBXFileReference; lastKnownFileType = sourcecode.swift; path = MarvelCharTests.swift; sourceTree = "<group>"; };
		9829E46E298EA4EF00C514B1 /* MarvelCharUITests.xctest */ = {isa = PBXFileReference; explicitFileType = wrapper.cfbundle; includeInIndex = 0; path = MarvelCharUITests.xctest; sourceTree = BUILT_PRODUCTS_DIR; };
		9829E472298EA4EF00C514B1 /* MarvelCharUITests.swift */ = {isa = PBXFileReference; lastKnownFileType = sourcecode.swift; path = MarvelCharUITests.swift; sourceTree = "<group>"; };
		9829E474298EA4EF00C514B1 /* MarvelCharUITestsLaunchTests.swift */ = {isa = PBXFileReference; lastKnownFileType = sourcecode.swift; path = MarvelCharUITestsLaunchTests.swift; sourceTree = "<group>"; };
		98B9ACC4298EEC4200547730 /* UITextField+Extensions.swift */ = {isa = PBXFileReference; lastKnownFileType = sourcecode.swift; path = "UITextField+Extensions.swift"; sourceTree = "<group>"; };
		98B9ACC9298FC8DA00547730 /* LocalizableStrings.swift */ = {isa = PBXFileReference; lastKnownFileType = sourcecode.swift; path = LocalizableStrings.swift; sourceTree = "<group>"; };
		98B9ACCD298FC91300547730 /* String+Extensions.swift */ = {isa = PBXFileReference; lastKnownFileType = sourcecode.swift; path = "String+Extensions.swift"; sourceTree = "<group>"; };
		98B9ACD2298FCA2200547730 /* en */ = {isa = PBXFileReference; lastKnownFileType = text.plist.strings; name = en; path = en.lproj/Localizable.strings; sourceTree = "<group>"; };
		98B9ACEE298FD99300547730 /* pt-BR */ = {isa = PBXFileReference; lastKnownFileType = text.plist.strings; name = "pt-BR"; path = "pt-BR.lproj/Localizable.strings"; sourceTree = "<group>"; };
		98B9ACF9298FE02F00547730 /* DynamicHeroCollectionViewCell.swift */ = {isa = PBXFileReference; lastKnownFileType = sourcecode.swift; path = DynamicHeroCollectionViewCell.swift; sourceTree = "<group>"; };
		98B9ACFD298FE11500547730 /* DynamicHeroCollectionViewCell.xib */ = {isa = PBXFileReference; lastKnownFileType = file.xib; path = DynamicHeroCollectionViewCell.xib; sourceTree = "<group>"; };
		98B9AD03298FEE0800547730 /* ImageName.swift */ = {isa = PBXFileReference; lastKnownFileType = sourcecode.swift; path = ImageName.swift; sourceTree = "<group>"; };
		98B9AD07299023BC00547730 /* DynamicHeroCollectionViewCellViewModel.swift */ = {isa = PBXFileReference; lastKnownFileType = sourcecode.swift; path = DynamicHeroCollectionViewCellViewModel.swift; sourceTree = "<group>"; };
		98B9AD112990261700547730 /* HeroHeaderTableViewCell.xib */ = {isa = PBXFileReference; lastKnownFileType = file.xib; path = HeroHeaderTableViewCell.xib; sourceTree = "<group>"; };
		98B9AD15299026DC00547730 /* HeroHeaderTableViewCell.swift */ = {isa = PBXFileReference; lastKnownFileType = sourcecode.swift; path = HeroHeaderTableViewCell.swift; sourceTree = "<group>"; };
		98B9AD192990280700547730 /* HeroNameView.xib */ = {isa = PBXFileReference; lastKnownFileType = file.xib; path = HeroNameView.xib; sourceTree = "<group>"; };
		98B9AD1D2990289D00547730 /* HeroNameView.swift */ = {isa = PBXFileReference; lastKnownFileType = sourcecode.swift; path = HeroNameView.swift; sourceTree = "<group>"; };
		98B9AD292990366300547730 /* BaseView.swift */ = {isa = PBXFileReference; lastKnownFileType = sourcecode.swift; path = BaseView.swift; sourceTree = "<group>"; };
		98B9AD2D29914E7700547730 /* TitleHeaderView.xib */ = {isa = PBXFileReference; lastKnownFileType = file.xib; path = TitleHeaderView.xib; sourceTree = "<group>"; };
		98B9AD312991521C00547730 /* TitleHeaderView.swift */ = {isa = PBXFileReference; lastKnownFileType = sourcecode.swift; path = TitleHeaderView.swift; sourceTree = "<group>"; };
		98B9AD412991764600547730 /* HeroTableViewController.swift */ = {isa = PBXFileReference; lastKnownFileType = sourcecode.swift; path = HeroTableViewController.swift; sourceTree = "<group>"; };
		98B9AD462991817B00547730 /* HeroDescriptionTableViewCell.xib */ = {isa = PBXFileReference; lastKnownFileType = file.xib; path = HeroDescriptionTableViewCell.xib; sourceTree = "<group>"; };
		98B9AD4A2991828300547730 /* HeroDescriptionTableViewCell.swift */ = {isa = PBXFileReference; lastKnownFileType = sourcecode.swift; path = HeroDescriptionTableViewCell.swift; sourceTree = "<group>"; };
		98B9AD5229918F5300547730 /* HeroOverviewTableViewCell.xib */ = {isa = PBXFileReference; lastKnownFileType = file.xib; path = HeroOverviewTableViewCell.xib; sourceTree = "<group>"; };
		98B9AD56299190E900547730 /* HeroOverviewTableViewCell.swift */ = {isa = PBXFileReference; lastKnownFileType = sourcecode.swift; path = HeroOverviewTableViewCell.swift; sourceTree = "<group>"; };
		98B9AD5A29919ED400547730 /* HeroTableTypeTableViewCell.xib */ = {isa = PBXFileReference; lastKnownFileType = file.xib; path = HeroTableTypeTableViewCell.xib; sourceTree = "<group>"; };
		98B9AD5E29919FD500547730 /* HeroTableTypeTableViewCell.swift */ = {isa = PBXFileReference; lastKnownFileType = sourcecode.swift; path = HeroTableTypeTableViewCell.swift; sourceTree = "<group>"; };
		98B9AD632991A1F300547730 /* HeroScene.storyboard */ = {isa = PBXFileReference; lastKnownFileType = file.storyboard; path = HeroScene.storyboard; sourceTree = "<group>"; };
		98B9AD682991AE8F00547730 /* HeroCollectionTypeTableViewCell.xib */ = {isa = PBXFileReference; lastKnownFileType = file.xib; path = HeroCollectionTypeTableViewCell.xib; sourceTree = "<group>"; };
		98B9AD6C2991AFC000547730 /* HeroCollectionTypeTableViewCell.swift */ = {isa = PBXFileReference; lastKnownFileType = sourcecode.swift; path = HeroCollectionTypeTableViewCell.swift; sourceTree = "<group>"; };
		98B9AD7029923CA000547730 /* TableTypeCell.xib */ = {isa = PBXFileReference; lastKnownFileType = file.xib; path = TableTypeCell.xib; sourceTree = "<group>"; };
		98B9AD7429923CB500547730 /* CollectionTypeCell.xib */ = {isa = PBXFileReference; lastKnownFileType = file.xib; path = CollectionTypeCell.xib; sourceTree = "<group>"; };
		98B9AD7829923E5700547730 /* CollectionTypeCell.swift */ = {isa = PBXFileReference; lastKnownFileType = sourcecode.swift; path = CollectionTypeCell.swift; sourceTree = "<group>"; };
		98B9AD7C2992444600547730 /* TableTypeCell.swift */ = {isa = PBXFileReference; lastKnownFileType = sourcecode.swift; path = TableTypeCell.swift; sourceTree = "<group>"; };
		98D7F61A298EC6CA00192887 /* HomeViewController.swift */ = {isa = PBXFileReference; lastKnownFileType = sourcecode.swift; path = HomeViewController.swift; sourceTree = "<group>"; };
		98D7F61C298EC6F800192887 /* HomeViewModel.swift */ = {isa = PBXFileReference; lastKnownFileType = sourcecode.swift; path = HomeViewModel.swift; sourceTree = "<group>"; };
		98D7F620298EC70D00192887 /* HeroViewModel.swift */ = {isa = PBXFileReference; lastKnownFileType = sourcecode.swift; path = HeroViewModel.swift; sourceTree = "<group>"; };
		98D7F622298EC71500192887 /* AboutViewController.swift */ = {isa = PBXFileReference; lastKnownFileType = sourcecode.swift; path = AboutViewController.swift; sourceTree = "<group>"; };
		98D7F624298EC71E00192887 /* AboutViewModel.swift */ = {isa = PBXFileReference; lastKnownFileType = sourcecode.swift; path = AboutViewModel.swift; sourceTree = "<group>"; };
		AF02320792D94DBFBB65A588 /* Pods-MarvelChar-MarvelCharUITests.debug.xcconfig */ = {isa = PBXFileReference; includeInIndex = 1; lastKnownFileType = text.xcconfig; name = "Pods-MarvelChar-MarvelCharUITests.debug.xcconfig"; path = "Target Support Files/Pods-MarvelChar-MarvelCharUITests/Pods-MarvelChar-MarvelCharUITests.debug.xcconfig"; sourceTree = "<group>"; };
		CC6AC2AE0DB674765E19E0CC /* Pods-MarvelChar.debug.xcconfig */ = {isa = PBXFileReference; includeInIndex = 1; lastKnownFileType = text.xcconfig; name = "Pods-MarvelChar.debug.xcconfig"; path = "Target Support Files/Pods-MarvelChar/Pods-MarvelChar.debug.xcconfig"; sourceTree = "<group>"; };
		CCF16088EE671BCFB1C2DBC8 /* Pods-MarvelCharTests.release.xcconfig */ = {isa = PBXFileReference; includeInIndex = 1; lastKnownFileType = text.xcconfig; name = "Pods-MarvelCharTests.release.xcconfig"; path = "Target Support Files/Pods-MarvelCharTests/Pods-MarvelCharTests.release.xcconfig"; sourceTree = "<group>"; };
		EE0C7C5F16915EE38E6A1C05 /* Pods-MarvelCharTests.debug.xcconfig */ = {isa = PBXFileReference; includeInIndex = 1; lastKnownFileType = text.xcconfig; name = "Pods-MarvelCharTests.debug.xcconfig"; path = "Target Support Files/Pods-MarvelCharTests/Pods-MarvelCharTests.debug.xcconfig"; sourceTree = "<group>"; };
		EFB17F5FFD97CD2111A8CFF9 /* Pods_MarvelChar_MarvelCharUITests.framework */ = {isa = PBXFileReference; explicitFileType = wrapper.framework; includeInIndex = 0; path = Pods_MarvelChar_MarvelCharUITests.framework; sourceTree = BUILT_PRODUCTS_DIR; };
/* End PBXFileReference section */

/* Begin PBXFrameworksBuildPhase section */
		9829E44B298EA4EE00C514B1 /* Frameworks */ = {
			isa = PBXFrameworksBuildPhase;
			buildActionMask = 2147483647;
			files = (
				F7E23F6624748B605574CD8C /* Pods_MarvelChar.framework in Frameworks */,
			);
			runOnlyForDeploymentPostprocessing = 0;
		};
		9829E461298EA4EF00C514B1 /* Frameworks */ = {
			isa = PBXFrameworksBuildPhase;
			buildActionMask = 2147483647;
			files = (
				5FA8A5D68A5EF827806F5321 /* Pods_MarvelCharTests.framework in Frameworks */,
			);
			runOnlyForDeploymentPostprocessing = 0;
		};
		9829E46B298EA4EF00C514B1 /* Frameworks */ = {
			isa = PBXFrameworksBuildPhase;
			buildActionMask = 2147483647;
			files = (
				2CB990884E0D9EC6F4FAEBA7 /* Pods_MarvelChar_MarvelCharUITests.framework in Frameworks */,
			);
			runOnlyForDeploymentPostprocessing = 0;
		};
/* End PBXFrameworksBuildPhase section */

/* Begin PBXGroup section */
		2C9AE21CE132A714F2598EFA /* Frameworks */ = {
			isa = PBXGroup;
			children = (
				76DC3C410ECC65DC230953C1 /* Pods_MarvelChar.framework */,
				EFB17F5FFD97CD2111A8CFF9 /* Pods_MarvelChar_MarvelCharUITests.framework */,
				6DE938C285CFB5125AFA7CF7 /* Pods_MarvelCharTests.framework */,
			);
			name = Frameworks;
			sourceTree = "<group>";
		};
		813C509688A11F6F6A0857EF /* Pods */ = {
			isa = PBXGroup;
			children = (
				CC6AC2AE0DB674765E19E0CC /* Pods-MarvelChar.debug.xcconfig */,
				3ABE040F1F8DDAB31DEC0D75 /* Pods-MarvelChar.release.xcconfig */,
				AF02320792D94DBFBB65A588 /* Pods-MarvelChar-MarvelCharUITests.debug.xcconfig */,
				56C3CDA42B1581DBB95FCE77 /* Pods-MarvelChar-MarvelCharUITests.release.xcconfig */,
				EE0C7C5F16915EE38E6A1C05 /* Pods-MarvelCharTests.debug.xcconfig */,
				CCF16088EE671BCFB1C2DBC8 /* Pods-MarvelCharTests.release.xcconfig */,
			);
			path = Pods;
			sourceTree = "<group>";
		};
		9829E445298EA4EE00C514B1 = {
			isa = PBXGroup;
			children = (
				9829E450298EA4EE00C514B1 /* MarvelChar */,
				9829E467298EA4EF00C514B1 /* MarvelCharTests */,
				9829E471298EA4EF00C514B1 /* MarvelCharUITests */,
				9829E44F298EA4EE00C514B1 /* Products */,
				813C509688A11F6F6A0857EF /* Pods */,
				2C9AE21CE132A714F2598EFA /* Frameworks */,
			);
			sourceTree = "<group>";
		};
		9829E44F298EA4EE00C514B1 /* Products */ = {
			isa = PBXGroup;
			children = (
				9829E44E298EA4EE00C514B1 /* MarvelChar.app */,
				9829E464298EA4EF00C514B1 /* MarvelCharTests.xctest */,
				9829E46E298EA4EF00C514B1 /* MarvelCharUITests.xctest */,
			);
			name = Products;
			sourceTree = "<group>";
		};
		9829E450298EA4EE00C514B1 /* MarvelChar */ = {
			isa = PBXGroup;
			children = (
				98B9ACEF298FDF1B00547730 /* Views */,
				98B9ACC6298FC85800547730 /* Resources */,
				98B9ACC3298EEC3100547730 /* Extensions */,
				98D7F619298EBF7100192887 /* Service */,
				98D7F618298EBF6100192887 /* ViewModels */,
				98D7F617298EBF5300192887 /* ViewControllers */,
				9829E451298EA4EE00C514B1 /* AppDelegate.swift */,
				9829E453298EA4EE00C514B1 /* SceneDelegate.swift */,
				9829E45F298EA4EF00C514B1 /* Info.plist */,
			);
			path = MarvelChar;
			sourceTree = "<group>";
		};
		9829E467298EA4EF00C514B1 /* MarvelCharTests */ = {
			isa = PBXGroup;
			children = (
				9829E468298EA4EF00C514B1 /* MarvelCharTests.swift */,
			);
			path = MarvelCharTests;
			sourceTree = "<group>";
		};
		9829E471298EA4EF00C514B1 /* MarvelCharUITests */ = {
			isa = PBXGroup;
			children = (
				9829E472298EA4EF00C514B1 /* MarvelCharUITests.swift */,
				9829E474298EA4EF00C514B1 /* MarvelCharUITestsLaunchTests.swift */,
			);
			path = MarvelCharUITests;
			sourceTree = "<group>";
		};
		98B9ACC3298EEC3100547730 /* Extensions */ = {
			isa = PBXGroup;
			children = (
				98B9ACC4298EEC4200547730 /* UITextField+Extensions.swift */,
				98B9ACCD298FC91300547730 /* String+Extensions.swift */,
			);
			path = Extensions;
			sourceTree = "<group>";
		};
		98B9ACC6298FC85800547730 /* Resources */ = {
			isa = PBXGroup;
			children = (
				98B9AD01298FEDC400547730 /* Localization */,
				9829E45A298EA4EF00C514B1 /* Assets.xcassets */,
				98B9AD03298FEE0800547730 /* ImageName.swift */,
			);
			path = Resources;
			sourceTree = "<group>";
		};
		98B9ACD9298FCB9900547730 /* Base */ = {
			isa = PBXGroup;
			children = (
				98B9ACD3298FCA2200547730 /* Localizable.strings */,
			);
			path = Base;
			sourceTree = "<group>";
		};
		98B9ACE4298FD94E00547730 /* PT-BR */ = {
			isa = PBXGroup;
			children = (
				98B9ACED298FD97800547730 /* Localizable.strings */,
			);
			path = "PT-BR";
			sourceTree = "<group>";
		};
		98B9ACEF298FDF1B00547730 /* Views */ = {
			isa = PBXGroup;
			children = (
				98B9AD672991ADC900547730 /* HeroViewCells */,
				98B9AD622991A1D600547730 /* Scenes */,
				98B9ACF0298FDF3400547730 /* MainViewCells */,
				98B9AD2D29914E7700547730 /* TitleHeaderView.xib */,
				98B9AD312991521C00547730 /* TitleHeaderView.swift */,
				98B9AD192990280700547730 /* HeroNameView.xib */,
				98B9AD1D2990289D00547730 /* HeroNameView.swift */,
				98B9AD292990366300547730 /* BaseView.swift */,
			);
			path = Views;
			sourceTree = "<group>";
		};
		98B9ACF0298FDF3400547730 /* MainViewCells */ = {
			isa = PBXGroup;
			children = (
				98B9ACF9298FE02F00547730 /* DynamicHeroCollectionViewCell.swift */,
				98B9ACFD298FE11500547730 /* DynamicHeroCollectionViewCell.xib */,
				98B9AD07299023BC00547730 /* DynamicHeroCollectionViewCellViewModel.swift */,
			);
			path = MainViewCells;
			sourceTree = "<group>";
		};
		98B9AD01298FEDC400547730 /* Localization */ = {
			isa = PBXGroup;
			children = (
				98B9ACC9298FC8DA00547730 /* LocalizableStrings.swift */,
				98B9ACD9298FCB9900547730 /* Base */,
				98B9ACE4298FD94E00547730 /* PT-BR */,
			);
			path = Localization;
			sourceTree = "<group>";
		};
		98B9AD622991A1D600547730 /* Scenes */ = {
			isa = PBXGroup;
			children = (
				9829E457298EA4EE00C514B1 /* Main.storyboard */,
				9829E45C298EA4EF00C514B1 /* LaunchScreen.storyboard */,
				98B9AD632991A1F300547730 /* HeroScene.storyboard */,
			);
			path = Scenes;
			sourceTree = "<group>";
		};
		98B9AD672991ADC900547730 /* HeroViewCells */ = {
			isa = PBXGroup;
			children = (
				98B9AD462991817B00547730 /* HeroDescriptionTableViewCell.xib */,
				98B9AD4A2991828300547730 /* HeroDescriptionTableViewCell.swift */,
				98B9AD5229918F5300547730 /* HeroOverviewTableViewCell.xib */,
				98B9AD56299190E900547730 /* HeroOverviewTableViewCell.swift */,
				98B9AD112990261700547730 /* HeroHeaderTableViewCell.xib */,
				98B9AD15299026DC00547730 /* HeroHeaderTableViewCell.swift */,
				98B9AD5A29919ED400547730 /* HeroTableTypeTableViewCell.xib */,
				98B9AD5E29919FD500547730 /* HeroTableTypeTableViewCell.swift */,
				98B9AD682991AE8F00547730 /* HeroCollectionTypeTableViewCell.xib */,
				98B9AD6C2991AFC000547730 /* HeroCollectionTypeTableViewCell.swift */,
				98B9AD7029923CA000547730 /* TableTypeCell.xib */,
				98B9AD7429923CB500547730 /* CollectionTypeCell.xib */,
				98B9AD7829923E5700547730 /* CollectionTypeCell.swift */,
				98B9AD7C2992444600547730 /* TableTypeCell.swift */,
			);
			path = HeroViewCells;
			sourceTree = "<group>";
		};
		98D7F617298EBF5300192887 /* ViewControllers */ = {
			isa = PBXGroup;
			children = (
				98D7F61A298EC6CA00192887 /* HomeViewController.swift */,
				98D7F622298EC71500192887 /* AboutViewController.swift */,
				98B9AD412991764600547730 /* HeroTableViewController.swift */,
			);
			path = ViewControllers;
			sourceTree = "<group>";
		};
		98D7F618298EBF6100192887 /* ViewModels */ = {
			isa = PBXGroup;
			children = (
				98D7F61C298EC6F800192887 /* HomeViewModel.swift */,
				98D7F620298EC70D00192887 /* HeroViewModel.swift */,
				98D7F624298EC71E00192887 /* AboutViewModel.swift */,
			);
			path = ViewModels;
			sourceTree = "<group>";
		};
		98D7F619298EBF7100192887 /* Service */ = {
			isa = PBXGroup;
			children = (
			);
			path = Service;
			sourceTree = "<group>";
		};
/* End PBXGroup section */

/* Begin PBXNativeTarget section */
		9829E44D298EA4EE00C514B1 /* MarvelChar */ = {
			isa = PBXNativeTarget;
			buildConfigurationList = 9829E478298EA4EF00C514B1 /* Build configuration list for PBXNativeTarget "MarvelChar" */;
			buildPhases = (
				72CDA0F388F196D879A0B128 /* [CP] Check Pods Manifest.lock */,
				9829E44A298EA4EE00C514B1 /* Sources */,
				9829E44B298EA4EE00C514B1 /* Frameworks */,
				9829E44C298EA4EE00C514B1 /* Resources */,
				6B706C6C9271CB20B297823B /* [CP] Embed Pods Frameworks */,
			);
			buildRules = (
			);
			dependencies = (
			);
			name = MarvelChar;
			productName = MarvelChar;
			productReference = 9829E44E298EA4EE00C514B1 /* MarvelChar.app */;
			productType = "com.apple.product-type.application";
		};
		9829E463298EA4EF00C514B1 /* MarvelCharTests */ = {
			isa = PBXNativeTarget;
			buildConfigurationList = 9829E47B298EA4EF00C514B1 /* Build configuration list for PBXNativeTarget "MarvelCharTests" */;
			buildPhases = (
				292A7F92D9DD3C5C8CBA34FB /* [CP] Check Pods Manifest.lock */,
				9829E460298EA4EF00C514B1 /* Sources */,
				9829E461298EA4EF00C514B1 /* Frameworks */,
				9829E462298EA4EF00C514B1 /* Resources */,
			);
			buildRules = (
			);
			dependencies = (
				9829E466298EA4EF00C514B1 /* PBXTargetDependency */,
			);
			name = MarvelCharTests;
			productName = MarvelCharTests;
			productReference = 9829E464298EA4EF00C514B1 /* MarvelCharTests.xctest */;
			productType = "com.apple.product-type.bundle.unit-test";
		};
		9829E46D298EA4EF00C514B1 /* MarvelCharUITests */ = {
			isa = PBXNativeTarget;
			buildConfigurationList = 9829E47E298EA4EF00C514B1 /* Build configuration list for PBXNativeTarget "MarvelCharUITests" */;
			buildPhases = (
				ED3020611790F4A108565BD8 /* [CP] Check Pods Manifest.lock */,
				9829E46A298EA4EF00C514B1 /* Sources */,
				9829E46B298EA4EF00C514B1 /* Frameworks */,
				9829E46C298EA4EF00C514B1 /* Resources */,
				B086F34EC862020D5CCA11D1 /* [CP] Embed Pods Frameworks */,
			);
			buildRules = (
			);
			dependencies = (
				9829E470298EA4EF00C514B1 /* PBXTargetDependency */,
			);
			name = MarvelCharUITests;
			productName = MarvelCharUITests;
			productReference = 9829E46E298EA4EF00C514B1 /* MarvelCharUITests.xctest */;
			productType = "com.apple.product-type.bundle.ui-testing";
		};
/* End PBXNativeTarget section */

/* Begin PBXProject section */
		9829E446298EA4EE00C514B1 /* Project object */ = {
			isa = PBXProject;
			attributes = {
				BuildIndependentTargetsInParallel = 1;
				LastSwiftUpdateCheck = 1410;
				LastUpgradeCheck = 1410;
				TargetAttributes = {
					9829E44D298EA4EE00C514B1 = {
						CreatedOnToolsVersion = 14.1;
					};
					9829E463298EA4EF00C514B1 = {
						CreatedOnToolsVersion = 14.1;
						TestTargetID = 9829E44D298EA4EE00C514B1;
					};
					9829E46D298EA4EF00C514B1 = {
						CreatedOnToolsVersion = 14.1;
						TestTargetID = 9829E44D298EA4EE00C514B1;
					};
				};
			};
			buildConfigurationList = 9829E449298EA4EE00C514B1 /* Build configuration list for PBXProject "MarvelChar" */;
			compatibilityVersion = "Xcode 14.0";
			developmentRegion = en;
			hasScannedForEncodings = 0;
			knownRegions = (
				en,
				Base,
				"pt-BR",
			);
			mainGroup = 9829E445298EA4EE00C514B1;
			productRefGroup = 9829E44F298EA4EE00C514B1 /* Products */;
			projectDirPath = "";
			projectRoot = "";
			targets = (
				9829E44D298EA4EE00C514B1 /* MarvelChar */,
				9829E463298EA4EF00C514B1 /* MarvelCharTests */,
				9829E46D298EA4EF00C514B1 /* MarvelCharUITests */,
			);
		};
/* End PBXProject section */

/* Begin PBXResourcesBuildPhase section */
		9829E44C298EA4EE00C514B1 /* Resources */ = {
			isa = PBXResourcesBuildPhase;
			buildActionMask = 2147483647;
			files = (
				98B9AD2E29914E7700547730 /* TitleHeaderView.xib in Resources */,
				98B9ACE9298FD97800547730 /* Localizable.strings in Resources */,
				98B9AD5B29919ED400547730 /* HeroTableTypeTableViewCell.xib in Resources */,
				9829E45E298EA4EF00C514B1 /* LaunchScreen.storyboard in Resources */,
				98B9ACFE298FE11600547730 /* DynamicHeroCollectionViewCell.xib in Resources */,
				98B9AD7529923CB500547730 /* CollectionTypeCell.xib in Resources */,
				98B9ACD1298FCA2200547730 /* Localizable.strings in Resources */,
				98B9AD7129923CA000547730 /* TableTypeCell.xib in Resources */,
				98B9AD642991A1F300547730 /* HeroScene.storyboard in Resources */,
				9829E45B298EA4EF00C514B1 /* Assets.xcassets in Resources */,
				9829E459298EA4EE00C514B1 /* Main.storyboard in Resources */,
				98B9AD472991817B00547730 /* HeroDescriptionTableViewCell.xib in Resources */,
				98B9AD5329918F5300547730 /* HeroOverviewTableViewCell.xib in Resources */,
				98B9AD1A2990280700547730 /* HeroNameView.xib in Resources */,
				98B9AD122990261700547730 /* HeroHeaderTableViewCell.xib in Resources */,
				98B9AD692991AE8F00547730 /* HeroCollectionTypeTableViewCell.xib in Resources */,
			);
			runOnlyForDeploymentPostprocessing = 0;
		};
		9829E462298EA4EF00C514B1 /* Resources */ = {
			isa = PBXResourcesBuildPhase;
			buildActionMask = 2147483647;
			files = (
				98B9ACFF298FE11600547730 /* DynamicHeroCollectionViewCell.xib in Resources */,
				98B9AD2F29914E7700547730 /* TitleHeaderView.xib in Resources */,
				98B9AD7229923CA000547730 /* TableTypeCell.xib in Resources */,
				98B9AD482991817B00547730 /* HeroDescriptionTableViewCell.xib in Resources */,
				98B9AD5C29919ED400547730 /* HeroTableTypeTableViewCell.xib in Resources */,
				98B9AD7629923CB500547730 /* CollectionTypeCell.xib in Resources */,
				98B9AD132990261700547730 /* HeroHeaderTableViewCell.xib in Resources */,
				98B9AD5429918F5300547730 /* HeroOverviewTableViewCell.xib in Resources */,
				98B9AD1B2990280700547730 /* HeroNameView.xib in Resources */,
				98B9ACEA298FD97800547730 /* Localizable.strings in Resources */,
				98B9AD652991A1F300547730 /* HeroScene.storyboard in Resources */,
				98B9AD6A2991AE8F00547730 /* HeroCollectionTypeTableViewCell.xib in Resources */,
			);
			runOnlyForDeploymentPostprocessing = 0;
		};
		9829E46C298EA4EF00C514B1 /* Resources */ = {
			isa = PBXResourcesBuildPhase;
			buildActionMask = 2147483647;
			files = (
				98B9AD00298FE11600547730 /* DynamicHeroCollectionViewCell.xib in Resources */,
				98B9AD3029914E7700547730 /* TitleHeaderView.xib in Resources */,
				98B9AD7329923CA000547730 /* TableTypeCell.xib in Resources */,
				98B9AD492991817B00547730 /* HeroDescriptionTableViewCell.xib in Resources */,
				98B9AD5D29919ED400547730 /* HeroTableTypeTableViewCell.xib in Resources */,
				98B9AD7729923CB500547730 /* CollectionTypeCell.xib in Resources */,
				98B9AD142990261700547730 /* HeroHeaderTableViewCell.xib in Resources */,
				98B9AD5529918F5300547730 /* HeroOverviewTableViewCell.xib in Resources */,
				98B9AD1C2990280700547730 /* HeroNameView.xib in Resources */,
				98B9ACEB298FD97800547730 /* Localizable.strings in Resources */,
				98B9AD662991A1F300547730 /* HeroScene.storyboard in Resources */,
				98B9AD6B2991AE8F00547730 /* HeroCollectionTypeTableViewCell.xib in Resources */,
			);
			runOnlyForDeploymentPostprocessing = 0;
		};
/* End PBXResourcesBuildPhase section */

/* Begin PBXShellScriptBuildPhase section */
		292A7F92D9DD3C5C8CBA34FB /* [CP] Check Pods Manifest.lock */ = {
			isa = PBXShellScriptBuildPhase;
			buildActionMask = 2147483647;
			files = (
			);
			inputFileListPaths = (
			);
			inputPaths = (
				"${PODS_PODFILE_DIR_PATH}/Podfile.lock",
				"${PODS_ROOT}/Manifest.lock",
			);
			name = "[CP] Check Pods Manifest.lock";
			outputFileListPaths = (
			);
			outputPaths = (
				"$(DERIVED_FILE_DIR)/Pods-MarvelCharTests-checkManifestLockResult.txt",
			);
			runOnlyForDeploymentPostprocessing = 0;
			shellPath = /bin/sh;
			shellScript = "diff \"${PODS_PODFILE_DIR_PATH}/Podfile.lock\" \"${PODS_ROOT}/Manifest.lock\" > /dev/null\nif [ $? != 0 ] ; then\n    # print error to STDERR\n    echo \"error: The sandbox is not in sync with the Podfile.lock. Run 'pod install' or update your CocoaPods installation.\" >&2\n    exit 1\nfi\n# This output is used by Xcode 'outputs' to avoid re-running this script phase.\necho \"SUCCESS\" > \"${SCRIPT_OUTPUT_FILE_0}\"\n";
			showEnvVarsInLog = 0;
		};
		6B706C6C9271CB20B297823B /* [CP] Embed Pods Frameworks */ = {
			isa = PBXShellScriptBuildPhase;
			buildActionMask = 2147483647;
			files = (
			);
			inputFileListPaths = (
				"${PODS_ROOT}/Target Support Files/Pods-MarvelChar/Pods-MarvelChar-frameworks-${CONFIGURATION}-input-files.xcfilelist",
			);
			name = "[CP] Embed Pods Frameworks";
			outputFileListPaths = (
				"${PODS_ROOT}/Target Support Files/Pods-MarvelChar/Pods-MarvelChar-frameworks-${CONFIGURATION}-output-files.xcfilelist",
			);
			runOnlyForDeploymentPostprocessing = 0;
			shellPath = /bin/sh;
			shellScript = "\"${PODS_ROOT}/Target Support Files/Pods-MarvelChar/Pods-MarvelChar-frameworks.sh\"\n";
			showEnvVarsInLog = 0;
		};
		72CDA0F388F196D879A0B128 /* [CP] Check Pods Manifest.lock */ = {
			isa = PBXShellScriptBuildPhase;
			buildActionMask = 2147483647;
			files = (
			);
			inputFileListPaths = (
			);
			inputPaths = (
				"${PODS_PODFILE_DIR_PATH}/Podfile.lock",
				"${PODS_ROOT}/Manifest.lock",
			);
			name = "[CP] Check Pods Manifest.lock";
			outputFileListPaths = (
			);
			outputPaths = (
				"$(DERIVED_FILE_DIR)/Pods-MarvelChar-checkManifestLockResult.txt",
			);
			runOnlyForDeploymentPostprocessing = 0;
			shellPath = /bin/sh;
			shellScript = "diff \"${PODS_PODFILE_DIR_PATH}/Podfile.lock\" \"${PODS_ROOT}/Manifest.lock\" > /dev/null\nif [ $? != 0 ] ; then\n    # print error to STDERR\n    echo \"error: The sandbox is not in sync with the Podfile.lock. Run 'pod install' or update your CocoaPods installation.\" >&2\n    exit 1\nfi\n# This output is used by Xcode 'outputs' to avoid re-running this script phase.\necho \"SUCCESS\" > \"${SCRIPT_OUTPUT_FILE_0}\"\n";
			showEnvVarsInLog = 0;
		};
		B086F34EC862020D5CCA11D1 /* [CP] Embed Pods Frameworks */ = {
			isa = PBXShellScriptBuildPhase;
			buildActionMask = 2147483647;
			files = (
			);
			inputFileListPaths = (
				"${PODS_ROOT}/Target Support Files/Pods-MarvelChar-MarvelCharUITests/Pods-MarvelChar-MarvelCharUITests-frameworks-${CONFIGURATION}-input-files.xcfilelist",
			);
			name = "[CP] Embed Pods Frameworks";
			outputFileListPaths = (
				"${PODS_ROOT}/Target Support Files/Pods-MarvelChar-MarvelCharUITests/Pods-MarvelChar-MarvelCharUITests-frameworks-${CONFIGURATION}-output-files.xcfilelist",
			);
			runOnlyForDeploymentPostprocessing = 0;
			shellPath = /bin/sh;
			shellScript = "\"${PODS_ROOT}/Target Support Files/Pods-MarvelChar-MarvelCharUITests/Pods-MarvelChar-MarvelCharUITests-frameworks.sh\"\n";
			showEnvVarsInLog = 0;
		};
		ED3020611790F4A108565BD8 /* [CP] Check Pods Manifest.lock */ = {
			isa = PBXShellScriptBuildPhase;
			buildActionMask = 2147483647;
			files = (
			);
			inputFileListPaths = (
			);
			inputPaths = (
				"${PODS_PODFILE_DIR_PATH}/Podfile.lock",
				"${PODS_ROOT}/Manifest.lock",
			);
			name = "[CP] Check Pods Manifest.lock";
			outputFileListPaths = (
			);
			outputPaths = (
				"$(DERIVED_FILE_DIR)/Pods-MarvelChar-MarvelCharUITests-checkManifestLockResult.txt",
			);
			runOnlyForDeploymentPostprocessing = 0;
			shellPath = /bin/sh;
			shellScript = "diff \"${PODS_PODFILE_DIR_PATH}/Podfile.lock\" \"${PODS_ROOT}/Manifest.lock\" > /dev/null\nif [ $? != 0 ] ; then\n    # print error to STDERR\n    echo \"error: The sandbox is not in sync with the Podfile.lock. Run 'pod install' or update your CocoaPods installation.\" >&2\n    exit 1\nfi\n# This output is used by Xcode 'outputs' to avoid re-running this script phase.\necho \"SUCCESS\" > \"${SCRIPT_OUTPUT_FILE_0}\"\n";
			showEnvVarsInLog = 0;
		};
/* End PBXShellScriptBuildPhase section */

/* Begin PBXSourcesBuildPhase section */
		9829E44A298EA4EE00C514B1 /* Sources */ = {
			isa = PBXSourcesBuildPhase;
			buildActionMask = 2147483647;
			files = (
				98B9AD322991521C00547730 /* TitleHeaderView.swift in Sources */,
				98B9ACCE298FC91300547730 /* String+Extensions.swift in Sources */,
				9829E452298EA4EE00C514B1 /* AppDelegate.swift in Sources */,
				98B9AD4B2991828300547730 /* HeroDescriptionTableViewCell.swift in Sources */,
				98B9AD2A2990366300547730 /* BaseView.swift in Sources */,
				98B9AD422991764600547730 /* HeroTableViewController.swift in Sources */,
				9829E454298EA4EE00C514B1 /* SceneDelegate.swift in Sources */,
				98B9AD04298FEE0800547730 /* ImageName.swift in Sources */,
				98B9AD7D2992444600547730 /* TableTypeCell.swift in Sources */,
				98D7F623298EC71500192887 /* AboutViewController.swift in Sources */,
				98D7F61B298EC6CA00192887 /* HomeViewController.swift in Sources */,
				98B9AD1E2990289D00547730 /* HeroNameView.swift in Sources */,
				98B9AD5F29919FD500547730 /* HeroTableTypeTableViewCell.swift in Sources */,
				98B9AD08299023BC00547730 /* DynamicHeroCollectionViewCellViewModel.swift in Sources */,
				98D7F621298EC70D00192887 /* HeroViewModel.swift in Sources */,
				98B9ACC5298EEC4200547730 /* UITextField+Extensions.swift in Sources */,
				98B9AD6D2991AFC000547730 /* HeroCollectionTypeTableViewCell.swift in Sources */,
				98B9AD16299026DC00547730 /* HeroHeaderTableViewCell.swift in Sources */,
				98B9ACFA298FE02F00547730 /* DynamicHeroCollectionViewCell.swift in Sources */,
				98B9ACCA298FC8DA00547730 /* LocalizableStrings.swift in Sources */,
				98B9AD57299190E900547730 /* HeroOverviewTableViewCell.swift in Sources */,
				98B9AD7929923E5700547730 /* CollectionTypeCell.swift in Sources */,
				98D7F625298EC71E00192887 /* AboutViewModel.swift in Sources */,
				98D7F61D298EC6F800192887 /* HomeViewModel.swift in Sources */,
			);
			runOnlyForDeploymentPostprocessing = 0;
		};
		9829E460298EA4EF00C514B1 /* Sources */ = {
			isa = PBXSourcesBuildPhase;
			buildActionMask = 2147483647;
			files = (
				98B9AD432991764600547730 /* HeroTableViewController.swift in Sources */,
				98B9AD7A29923E5700547730 /* CollectionTypeCell.swift in Sources */,
				98B9AD4C2991828300547730 /* HeroDescriptionTableViewCell.swift in Sources */,
				98B9ACFB298FE02F00547730 /* DynamicHeroCollectionViewCell.swift in Sources */,
				98B9AD09299023BC00547730 /* DynamicHeroCollectionViewCellViewModel.swift in Sources */,
				98B9AD05298FEE0800547730 /* ImageName.swift in Sources */,
				98B9AD17299026DC00547730 /* HeroHeaderTableViewCell.swift in Sources */,
				9829E469298EA4EF00C514B1 /* MarvelCharTests.swift in Sources */,
				98B9ACCF298FC91300547730 /* String+Extensions.swift in Sources */,
				98B9AD58299190E900547730 /* HeroOverviewTableViewCell.swift in Sources */,
				98B9AD332991521C00547730 /* TitleHeaderView.swift in Sources */,
				98B9AD2B2990366300547730 /* BaseView.swift in Sources */,
				98B9AD6029919FD500547730 /* HeroTableTypeTableViewCell.swift in Sources */,
				98B9AD6E2991AFC000547730 /* HeroCollectionTypeTableViewCell.swift in Sources */,
				98B9ACCB298FC8DA00547730 /* LocalizableStrings.swift in Sources */,
				98B9AD7E2992444600547730 /* TableTypeCell.swift in Sources */,
				98B9AD1F2990289D00547730 /* HeroNameView.swift in Sources */,
			);
			runOnlyForDeploymentPostprocessing = 0;
		};
		9829E46A298EA4EF00C514B1 /* Sources */ = {
			isa = PBXSourcesBuildPhase;
			buildActionMask = 2147483647;
			files = (
				98B9AD342991521C00547730 /* TitleHeaderView.swift in Sources */,
				98B9AD0A299023BC00547730 /* DynamicHeroCollectionViewCellViewModel.swift in Sources */,
				98B9AD7F2992444600547730 /* TableTypeCell.swift in Sources */,
				98B9AD18299026DC00547730 /* HeroHeaderTableViewCell.swift in Sources */,
				98B9AD202990289D00547730 /* HeroNameView.swift in Sources */,
				98B9AD7B29923E5700547730 /* CollectionTypeCell.swift in Sources */,
				98B9AD442991764600547730 /* HeroTableViewController.swift in Sources */,
				98B9AD06298FEE0800547730 /* ImageName.swift in Sources */,
				98B9ACD0298FC91300547730 /* String+Extensions.swift in Sources */,
				9829E473298EA4EF00C514B1 /* MarvelCharUITests.swift in Sources */,
				98B9ACCC298FC8DA00547730 /* LocalizableStrings.swift in Sources */,
				98B9AD2C2990366300547730 /* BaseView.swift in Sources */,
				98B9AD4D2991828300547730 /* HeroDescriptionTableViewCell.swift in Sources */,
				98B9AD6129919FD500547730 /* HeroTableTypeTableViewCell.swift in Sources */,
				98B9ACFC298FE02F00547730 /* DynamicHeroCollectionViewCell.swift in Sources */,
				9829E475298EA4EF00C514B1 /* MarvelCharUITestsLaunchTests.swift in Sources */,
				98B9AD59299190E900547730 /* HeroOverviewTableViewCell.swift in Sources */,
				98B9AD6F2991AFC000547730 /* HeroCollectionTypeTableViewCell.swift in Sources */,
			);
			runOnlyForDeploymentPostprocessing = 0;
		};
/* End PBXSourcesBuildPhase section */

/* Begin PBXTargetDependency section */
		9829E466298EA4EF00C514B1 /* PBXTargetDependency */ = {
			isa = PBXTargetDependency;
			target = 9829E44D298EA4EE00C514B1 /* MarvelChar */;
			targetProxy = 9829E465298EA4EF00C514B1 /* PBXContainerItemProxy */;
		};
		9829E470298EA4EF00C514B1 /* PBXTargetDependency */ = {
			isa = PBXTargetDependency;
			target = 9829E44D298EA4EE00C514B1 /* MarvelChar */;
			targetProxy = 9829E46F298EA4EF00C514B1 /* PBXContainerItemProxy */;
		};
/* End PBXTargetDependency section */

/* Begin PBXVariantGroup section */
		9829E457298EA4EE00C514B1 /* Main.storyboard */ = {
			isa = PBXVariantGroup;
			children = (
				9829E458298EA4EE00C514B1 /* Base */,
			);
			name = Main.storyboard;
			sourceTree = "<group>";
		};
		9829E45C298EA4EF00C514B1 /* LaunchScreen.storyboard */ = {
			isa = PBXVariantGroup;
			children = (
				9829E45D298EA4EF00C514B1 /* Base */,
			);
			name = LaunchScreen.storyboard;
			sourceTree = "<group>";
		};
		98B9ACD3298FCA2200547730 /* Localizable.strings */ = {
			isa = PBXVariantGroup;
			children = (
				98B9ACD2298FCA2200547730 /* en */,
			);
			name = Localizable.strings;
			sourceTree = "<group>";
		};
		98B9ACED298FD97800547730 /* Localizable.strings */ = {
			isa = PBXVariantGroup;
			children = (
				98B9ACEE298FD99300547730 /* pt-BR */,
			);
			name = Localizable.strings;
			sourceTree = "<group>";
		};
/* End PBXVariantGroup section */

/* Begin XCBuildConfiguration section */
		9829E476298EA4EF00C514B1 /* Debug */ = {
			isa = XCBuildConfiguration;
			buildSettings = {
				ALWAYS_SEARCH_USER_PATHS = NO;
				CLANG_ANALYZER_LOCALIZABILITY_NONLOCALIZED = YES;
				CLANG_ANALYZER_NONNULL = YES;
				CLANG_ANALYZER_NUMBER_OBJECT_CONVERSION = YES_AGGRESSIVE;
				CLANG_CXX_LANGUAGE_STANDARD = "gnu++20";
				CLANG_ENABLE_MODULES = YES;
				CLANG_ENABLE_OBJC_ARC = YES;
				CLANG_ENABLE_OBJC_WEAK = YES;
				CLANG_WARN_BLOCK_CAPTURE_AUTORELEASING = YES;
				CLANG_WARN_BOOL_CONVERSION = YES;
				CLANG_WARN_COMMA = YES;
				CLANG_WARN_CONSTANT_CONVERSION = YES;
				CLANG_WARN_DEPRECATED_OBJC_IMPLEMENTATIONS = YES;
				CLANG_WARN_DIRECT_OBJC_ISA_USAGE = YES_ERROR;
				CLANG_WARN_DOCUMENTATION_COMMENTS = YES;
				CLANG_WARN_EMPTY_BODY = YES;
				CLANG_WARN_ENUM_CONVERSION = YES;
				CLANG_WARN_INFINITE_RECURSION = YES;
				CLANG_WARN_INT_CONVERSION = YES;
				CLANG_WARN_NON_LITERAL_NULL_CONVERSION = YES;
				CLANG_WARN_OBJC_IMPLICIT_RETAIN_SELF = YES;
				CLANG_WARN_OBJC_LITERAL_CONVERSION = YES;
				CLANG_WARN_OBJC_ROOT_CLASS = YES_ERROR;
				CLANG_WARN_QUOTED_INCLUDE_IN_FRAMEWORK_HEADER = YES;
				CLANG_WARN_RANGE_LOOP_ANALYSIS = YES;
				CLANG_WARN_STRICT_PROTOTYPES = YES;
				CLANG_WARN_SUSPICIOUS_MOVE = YES;
				CLANG_WARN_UNGUARDED_AVAILABILITY = YES_AGGRESSIVE;
				CLANG_WARN_UNREACHABLE_CODE = YES;
				CLANG_WARN__DUPLICATE_METHOD_MATCH = YES;
				COPY_PHASE_STRIP = NO;
				DEBUG_INFORMATION_FORMAT = dwarf;
				ENABLE_STRICT_OBJC_MSGSEND = YES;
				ENABLE_TESTABILITY = YES;
				GCC_C_LANGUAGE_STANDARD = gnu11;
				GCC_DYNAMIC_NO_PIC = NO;
				GCC_NO_COMMON_BLOCKS = YES;
				GCC_OPTIMIZATION_LEVEL = 0;
				GCC_PREPROCESSOR_DEFINITIONS = (
					"DEBUG=1",
					"$(inherited)",
				);
				GCC_WARN_64_TO_32_BIT_CONVERSION = YES;
				GCC_WARN_ABOUT_RETURN_TYPE = YES_ERROR;
				GCC_WARN_UNDECLARED_SELECTOR = YES;
				GCC_WARN_UNINITIALIZED_AUTOS = YES_AGGRESSIVE;
				GCC_WARN_UNUSED_FUNCTION = YES;
				GCC_WARN_UNUSED_VARIABLE = YES;
				IPHONEOS_DEPLOYMENT_TARGET = 16.1;
				MTL_ENABLE_DEBUG_INFO = INCLUDE_SOURCE;
				MTL_FAST_MATH = YES;
				ONLY_ACTIVE_ARCH = YES;
				SDKROOT = iphoneos;
				SWIFT_ACTIVE_COMPILATION_CONDITIONS = DEBUG;
				SWIFT_OPTIMIZATION_LEVEL = "-Onone";
			};
			name = Debug;
		};
		9829E477298EA4EF00C514B1 /* Release */ = {
			isa = XCBuildConfiguration;
			buildSettings = {
				ALWAYS_SEARCH_USER_PATHS = NO;
				CLANG_ANALYZER_LOCALIZABILITY_NONLOCALIZED = YES;
				CLANG_ANALYZER_NONNULL = YES;
				CLANG_ANALYZER_NUMBER_OBJECT_CONVERSION = YES_AGGRESSIVE;
				CLANG_CXX_LANGUAGE_STANDARD = "gnu++20";
				CLANG_ENABLE_MODULES = YES;
				CLANG_ENABLE_OBJC_ARC = YES;
				CLANG_ENABLE_OBJC_WEAK = YES;
				CLANG_WARN_BLOCK_CAPTURE_AUTORELEASING = YES;
				CLANG_WARN_BOOL_CONVERSION = YES;
				CLANG_WARN_COMMA = YES;
				CLANG_WARN_CONSTANT_CONVERSION = YES;
				CLANG_WARN_DEPRECATED_OBJC_IMPLEMENTATIONS = YES;
				CLANG_WARN_DIRECT_OBJC_ISA_USAGE = YES_ERROR;
				CLANG_WARN_DOCUMENTATION_COMMENTS = YES;
				CLANG_WARN_EMPTY_BODY = YES;
				CLANG_WARN_ENUM_CONVERSION = YES;
				CLANG_WARN_INFINITE_RECURSION = YES;
				CLANG_WARN_INT_CONVERSION = YES;
				CLANG_WARN_NON_LITERAL_NULL_CONVERSION = YES;
				CLANG_WARN_OBJC_IMPLICIT_RETAIN_SELF = YES;
				CLANG_WARN_OBJC_LITERAL_CONVERSION = YES;
				CLANG_WARN_OBJC_ROOT_CLASS = YES_ERROR;
				CLANG_WARN_QUOTED_INCLUDE_IN_FRAMEWORK_HEADER = YES;
				CLANG_WARN_RANGE_LOOP_ANALYSIS = YES;
				CLANG_WARN_STRICT_PROTOTYPES = YES;
				CLANG_WARN_SUSPICIOUS_MOVE = YES;
				CLANG_WARN_UNGUARDED_AVAILABILITY = YES_AGGRESSIVE;
				CLANG_WARN_UNREACHABLE_CODE = YES;
				CLANG_WARN__DUPLICATE_METHOD_MATCH = YES;
				COPY_PHASE_STRIP = NO;
				DEBUG_INFORMATION_FORMAT = "dwarf-with-dsym";
				ENABLE_NS_ASSERTIONS = NO;
				ENABLE_STRICT_OBJC_MSGSEND = YES;
				GCC_C_LANGUAGE_STANDARD = gnu11;
				GCC_NO_COMMON_BLOCKS = YES;
				GCC_WARN_64_TO_32_BIT_CONVERSION = YES;
				GCC_WARN_ABOUT_RETURN_TYPE = YES_ERROR;
				GCC_WARN_UNDECLARED_SELECTOR = YES;
				GCC_WARN_UNINITIALIZED_AUTOS = YES_AGGRESSIVE;
				GCC_WARN_UNUSED_FUNCTION = YES;
				GCC_WARN_UNUSED_VARIABLE = YES;
				IPHONEOS_DEPLOYMENT_TARGET = 16.1;
				MTL_ENABLE_DEBUG_INFO = NO;
				MTL_FAST_MATH = YES;
				SDKROOT = iphoneos;
				SWIFT_COMPILATION_MODE = wholemodule;
				SWIFT_OPTIMIZATION_LEVEL = "-O";
				VALIDATE_PRODUCT = YES;
			};
			name = Release;
		};
		9829E479298EA4EF00C514B1 /* Debug */ = {
			isa = XCBuildConfiguration;
			baseConfigurationReference = CC6AC2AE0DB674765E19E0CC /* Pods-MarvelChar.debug.xcconfig */;
			buildSettings = {
				ASSETCATALOG_COMPILER_APPICON_NAME = AppIcon;
				ASSETCATALOG_COMPILER_GLOBAL_ACCENT_COLOR_NAME = AccentColor;
				CODE_SIGN_STYLE = Automatic;
				CURRENT_PROJECT_VERSION = 1;
				DEVELOPMENT_TEAM = HXGGE8M769;
				GENERATE_INFOPLIST_FILE = YES;
				INFOPLIST_FILE = MarvelChar/Info.plist;
				INFOPLIST_KEY_LSApplicationCategoryType = "public.app-category.entertainment";
				INFOPLIST_KEY_UIApplicationSupportsIndirectInputEvents = YES;
				INFOPLIST_KEY_UILaunchStoryboardName = LaunchScreen.storyboard;
				INFOPLIST_KEY_UIMainStoryboardFile = Main;
				INFOPLIST_KEY_UIStatusBarStyle = UIStatusBarStyleLightContent;
				INFOPLIST_KEY_UISupportedInterfaceOrientations = UIInterfaceOrientationPortrait;
				INFOPLIST_KEY_UISupportedInterfaceOrientations_iPad = "UIInterfaceOrientationLandscapeLeft UIInterfaceOrientationLandscapeRight UIInterfaceOrientationPortrait UIInterfaceOrientationPortraitUpsideDown";
				LD_RUNPATH_SEARCH_PATHS = (
					"$(inherited)",
					"@executable_path/Frameworks",
				);
				MARKETING_VERSION = 1.0;
				PRODUCT_BUNDLE_IDENTIFIER = com.leoStudies.MarvelChar;
				PRODUCT_NAME = "$(TARGET_NAME)";
				SUPPORTED_PLATFORMS = "iphoneos iphonesimulator";
				SUPPORTS_MACCATALYST = NO;
				SUPPORTS_MAC_DESIGNED_FOR_IPHONE_IPAD = NO;
				SWIFT_EMIT_LOC_STRINGS = YES;
				SWIFT_VERSION = 5.0;
				TARGETED_DEVICE_FAMILY = 1;
			};
			name = Debug;
		};
		9829E47A298EA4EF00C514B1 /* Release */ = {
			isa = XCBuildConfiguration;
			baseConfigurationReference = 3ABE040F1F8DDAB31DEC0D75 /* Pods-MarvelChar.release.xcconfig */;
			buildSettings = {
				ASSETCATALOG_COMPILER_APPICON_NAME = AppIcon;
				ASSETCATALOG_COMPILER_GLOBAL_ACCENT_COLOR_NAME = AccentColor;
				CODE_SIGN_STYLE = Automatic;
				CURRENT_PROJECT_VERSION = 1;
				DEVELOPMENT_TEAM = HXGGE8M769;
				GENERATE_INFOPLIST_FILE = YES;
				INFOPLIST_FILE = MarvelChar/Info.plist;
				INFOPLIST_KEY_LSApplicationCategoryType = "public.app-category.entertainment";
				INFOPLIST_KEY_UIApplicationSupportsIndirectInputEvents = YES;
				INFOPLIST_KEY_UILaunchStoryboardName = LaunchScreen.storyboard;
				INFOPLIST_KEY_UIMainStoryboardFile = Main;
				INFOPLIST_KEY_UIStatusBarStyle = UIStatusBarStyleLightContent;
				INFOPLIST_KEY_UISupportedInterfaceOrientations = UIInterfaceOrientationPortrait;
				INFOPLIST_KEY_UISupportedInterfaceOrientations_iPad = "UIInterfaceOrientationLandscapeLeft UIInterfaceOrientationLandscapeRight UIInterfaceOrientationPortrait UIInterfaceOrientationPortraitUpsideDown";
				LD_RUNPATH_SEARCH_PATHS = (
					"$(inherited)",
					"@executable_path/Frameworks",
				);
				MARKETING_VERSION = 1.0;
				PRODUCT_BUNDLE_IDENTIFIER = com.leoStudies.MarvelChar;
				PRODUCT_NAME = "$(TARGET_NAME)";
				SUPPORTED_PLATFORMS = "iphoneos iphonesimulator";
				SUPPORTS_MACCATALYST = NO;
				SUPPORTS_MAC_DESIGNED_FOR_IPHONE_IPAD = NO;
				SWIFT_EMIT_LOC_STRINGS = YES;
				SWIFT_VERSION = 5.0;
				TARGETED_DEVICE_FAMILY = 1;
			};
			name = Release;
		};
		9829E47C298EA4EF00C514B1 /* Debug */ = {
			isa = XCBuildConfiguration;
			baseConfigurationReference = EE0C7C5F16915EE38E6A1C05 /* Pods-MarvelCharTests.debug.xcconfig */;
			buildSettings = {
				ALWAYS_EMBED_SWIFT_STANDARD_LIBRARIES = YES;
				BUNDLE_LOADER = "$(TEST_HOST)";
				CODE_SIGN_STYLE = Automatic;
				CURRENT_PROJECT_VERSION = 1;
				DEVELOPMENT_TEAM = HXGGE8M769;
				GENERATE_INFOPLIST_FILE = YES;
				IPHONEOS_DEPLOYMENT_TARGET = 16.1;
				MARKETING_VERSION = 1.0;
				PRODUCT_BUNDLE_IDENTIFIER = com.leoStudies.MarvelCharTests;
				PRODUCT_NAME = "$(TARGET_NAME)";
				SWIFT_EMIT_LOC_STRINGS = NO;
				SWIFT_VERSION = 5.0;
				TARGETED_DEVICE_FAMILY = "1,2";
				TEST_HOST = "$(BUILT_PRODUCTS_DIR)/MarvelChar.app/$(BUNDLE_EXECUTABLE_FOLDER_PATH)/MarvelChar";
			};
			name = Debug;
		};
		9829E47D298EA4EF00C514B1 /* Release */ = {
			isa = XCBuildConfiguration;
			baseConfigurationReference = CCF16088EE671BCFB1C2DBC8 /* Pods-MarvelCharTests.release.xcconfig */;
			buildSettings = {
				ALWAYS_EMBED_SWIFT_STANDARD_LIBRARIES = YES;
				BUNDLE_LOADER = "$(TEST_HOST)";
				CODE_SIGN_STYLE = Automatic;
				CURRENT_PROJECT_VERSION = 1;
				DEVELOPMENT_TEAM = HXGGE8M769;
				GENERATE_INFOPLIST_FILE = YES;
				IPHONEOS_DEPLOYMENT_TARGET = 16.1;
				MARKETING_VERSION = 1.0;
				PRODUCT_BUNDLE_IDENTIFIER = com.leoStudies.MarvelCharTests;
				PRODUCT_NAME = "$(TARGET_NAME)";
				SWIFT_EMIT_LOC_STRINGS = NO;
				SWIFT_VERSION = 5.0;
				TARGETED_DEVICE_FAMILY = "1,2";
				TEST_HOST = "$(BUILT_PRODUCTS_DIR)/MarvelChar.app/$(BUNDLE_EXECUTABLE_FOLDER_PATH)/MarvelChar";
			};
			name = Release;
		};
		9829E47F298EA4EF00C514B1 /* Debug */ = {
			isa = XCBuildConfiguration;
			baseConfigurationReference = AF02320792D94DBFBB65A588 /* Pods-MarvelChar-MarvelCharUITests.debug.xcconfig */;
			buildSettings = {
				ALWAYS_EMBED_SWIFT_STANDARD_LIBRARIES = YES;
				CODE_SIGN_STYLE = Automatic;
				CURRENT_PROJECT_VERSION = 1;
				DEVELOPMENT_TEAM = HXGGE8M769;
				GENERATE_INFOPLIST_FILE = YES;
				MARKETING_VERSION = 1.0;
				PRODUCT_BUNDLE_IDENTIFIER = com.leoStudies.MarvelCharUITests;
				PRODUCT_NAME = "$(TARGET_NAME)";
				SWIFT_EMIT_LOC_STRINGS = NO;
				SWIFT_VERSION = 5.0;
				TARGETED_DEVICE_FAMILY = "1,2";
				TEST_TARGET_NAME = MarvelChar;
			};
			name = Debug;
		};
		9829E480298EA4EF00C514B1 /* Release */ = {
			isa = XCBuildConfiguration;
			baseConfigurationReference = 56C3CDA42B1581DBB95FCE77 /* Pods-MarvelChar-MarvelCharUITests.release.xcconfig */;
			buildSettings = {
				ALWAYS_EMBED_SWIFT_STANDARD_LIBRARIES = YES;
				CODE_SIGN_STYLE = Automatic;
				CURRENT_PROJECT_VERSION = 1;
				DEVELOPMENT_TEAM = HXGGE8M769;
				GENERATE_INFOPLIST_FILE = YES;
				MARKETING_VERSION = 1.0;
				PRODUCT_BUNDLE_IDENTIFIER = com.leoStudies.MarvelCharUITests;
				PRODUCT_NAME = "$(TARGET_NAME)";
				SWIFT_EMIT_LOC_STRINGS = NO;
				SWIFT_VERSION = 5.0;
				TARGETED_DEVICE_FAMILY = "1,2";
				TEST_TARGET_NAME = MarvelChar;
			};
			name = Release;
		};
/* End XCBuildConfiguration section */

/* Begin XCConfigurationList section */
		9829E449298EA4EE00C514B1 /* Build configuration list for PBXProject "MarvelChar" */ = {
			isa = XCConfigurationList;
			buildConfigurations = (
				9829E476298EA4EF00C514B1 /* Debug */,
				9829E477298EA4EF00C514B1 /* Release */,
			);
			defaultConfigurationIsVisible = 0;
			defaultConfigurationName = Release;
		};
		9829E478298EA4EF00C514B1 /* Build configuration list for PBXNativeTarget "MarvelChar" */ = {
			isa = XCConfigurationList;
			buildConfigurations = (
				9829E479298EA4EF00C514B1 /* Debug */,
				9829E47A298EA4EF00C514B1 /* Release */,
			);
			defaultConfigurationIsVisible = 0;
			defaultConfigurationName = Release;
		};
		9829E47B298EA4EF00C514B1 /* Build configuration list for PBXNativeTarget "MarvelCharTests" */ = {
			isa = XCConfigurationList;
			buildConfigurations = (
				9829E47C298EA4EF00C514B1 /* Debug */,
				9829E47D298EA4EF00C514B1 /* Release */,
			);
			defaultConfigurationIsVisible = 0;
			defaultConfigurationName = Release;
		};
		9829E47E298EA4EF00C514B1 /* Build configuration list for PBXNativeTarget "MarvelCharUITests" */ = {
			isa = XCConfigurationList;
			buildConfigurations = (
				9829E47F298EA4EF00C514B1 /* Debug */,
				9829E480298EA4EF00C514B1 /* Release */,
			);
			defaultConfigurationIsVisible = 0;
			defaultConfigurationName = Release;
		};
/* End XCConfigurationList section */
	};
	rootObject = 9829E446298EA4EE00C514B1 /* Project object */;
}
